
Microsoft Visual Studio Solution File, Format Version 12.00
# Visual Studio 2013
VisualStudioVersion = 12.0.31101.0
MinimumVisualStudioVersion = 10.0.40219.1
Project("{FAE04EC0-301F-11D3-BF4B-00C04F79EFBC}") = "AgusRdz.Barcodes", "AgusRdz.Barcodes\AgusRdz.Barcodes.csproj", "{708F5FC9-486E-4240-B207-CA2F37A82BCC}"
EndProject
Project("{FAE04EC0-301F-11D3-BF4B-00C04F79EFBC}") = "AgusRdz.Barcodes.Demo", "AgusRdz.Barcodes.Demo\AgusRdz.Barcodes.Demo.csproj", "{8D7BD2F9-CE9F-4B00-A636-52A759DFEF78}"
EndProject
Global
	GlobalSection(SolutionConfigurationPlatforms) = preSolution
		Debug|Any CPU = Debug|Any CPU
		Release|Any CPU = Release|Any CPU
	EndGlobalSection
	GlobalSection(ProjectConfigurationPlatforms) = postSolution
		{708F5FC9-486E-4240-B207-CA2F37A82BCC}.Debug|Any CPU.ActiveCfg = Debug|Any CPU
		{708F5FC9-486E-4240-B207-CA2F37A82BCC}.Debug|Any CPU.Build.0 = Debug|Any CPU
		{708F5FC9-486E-4240-B207-CA2F37A82BCC}.Release|Any CPU.ActiveCfg = Release|Any CPU
		{708F5FC9-486E-4240-B207-CA2F37A82BCC}.Release|Any CPU.Build.0 = Release|Any CPU
		{8D7BD2F9-CE9F-4B00-A636-52A759DFEF78}.Debug|Any CPU.ActiveCfg = Debug|Any CPU
		{8D7BD2F9-CE9F-4B00-A636-52A759DFEF78}.Debug|Any CPU.Build.0 = Debug|Any CPU
		{8D7BD2F9-CE9F-4B00-A636-52A759DFEF78}.Release|Any CPU.ActiveCfg = Release|Any CPU
		{8D7BD2F9-CE9F-4B00-A636-52A759DFEF78}.Release|Any CPU.Build.0 = Release|Any CPU
	EndGlobalSection
	GlobalSection(SolutionProperties) = preSolution
		HideSolutionNode = FALSE
	EndGlobalSection
EndGlobal
